// !$*UTF8*$!
{
	archiveVersion = 1;
	classes = {
	};
	objectVersion = 55;
	objects = {

/* Begin PBXBuildFile section */
		CC0DFB3A275E26B700DDA448 /* PersonData.swift in Sources */ = {isa = PBXBuildFile; fileRef = CC0DFB39275E26B700DDA448 /* PersonData.swift */; };
		CC0DFB3C275E281400DDA448 /* PersonCell.swift in Sources */ = {isa = PBXBuildFile; fileRef = CC0DFB3B275E281400DDA448 /* PersonCell.swift */; };
		CC90C2B3275E25190017B290 /* AppDelegate.swift in Sources */ = {isa = PBXBuildFile; fileRef = CC90C2B2275E25190017B290 /* AppDelegate.swift */; };
		CC90C2B5275E25190017B290 /* SceneDelegate.swift in Sources */ = {isa = PBXBuildFile; fileRef = CC90C2B4275E25190017B290 /* SceneDelegate.swift */; };
		CC90C2B7275E25190017B290 /* ViewController.swift in Sources */ = {isa = PBXBuildFile; fileRef = CC90C2B6275E25190017B290 /* ViewController.swift */; };
		CC90C2BA275E25190017B290 /* Main.storyboard in Resources */ = {isa = PBXBuildFile; fileRef = CC90C2B8275E25190017B290 /* Main.storyboard */; };
		CC90C2BC275E251B0017B290 /* Assets.xcassets in Resources */ = {isa = PBXBuildFile; fileRef = CC90C2BB275E251B0017B290 /* Assets.xcassets */; };
		CC90C2BF275E251B0017B290 /* LaunchScreen.storyboard in Resources */ = {isa = PBXBuildFile; fileRef = CC90C2BD275E251B0017B290 /* LaunchScreen.storyboard */; };
		CC90C2CA275E251C0017B290 /* AgingPeopleRandomlyTests.swift in Sources */ = {isa = PBXBuildFile; fileRef = CC90C2C9275E251C0017B290 /* AgingPeopleRandomlyTests.swift */; };
		CC90C2D4275E251C0017B290 /* AgingPeopleRandomlyUITests.swift in Sources */ = {isa = PBXBuildFile; fileRef = CC90C2D3275E251C0017B290 /* AgingPeopleRandomlyUITests.swift */; };
		CC90C2D6275E251C0017B290 /* AgingPeopleRandomlyUITestsLaunchTests.swift in Sources */ = {isa = PBXBuildFile; fileRef = CC90C2D5275E251C0017B290 /* AgingPeopleRandomlyUITestsLaunchTests.swift */; };
/* End PBXBuildFile section */

/* Begin PBXContainerItemProxy section */
		CC90C2C6275E251C0017B290 /* PBXContainerItemProxy */ = {
			isa = PBXContainerItemProxy;
			containerPortal = CC90C2A7275E25190017B290 /* Project object */;
			proxyType = 1;
			remoteGlobalIDString = CC90C2AE275E25190017B290;
			remoteInfo = AgingPeopleRandomly;
		};
		CC90C2D0275E251C0017B290 /* PBXContainerItemProxy */ = {
			isa = PBXContainerItemProxy;
			containerPortal = CC90C2A7275E25190017B290 /* Project object */;
			proxyType = 1;
			remoteGlobalIDString = CC90C2AE275E25190017B290;
			remoteInfo = AgingPeopleRandomly;
		};
/* End PBXContainerItemProxy section */

/* Begin PBXFileReference section */
		CC0DFB39275E26B700DDA448 /* PersonData.swift */ = {isa = PBXFileReference; lastKnownFileType = sourcecode.swift; path = PersonData.swift; sourceTree = "<group>"; };
		CC0DFB3B275E281400DDA448 /* PersonCell.swift */ = {isa = PBXFileReference; lastKnownFileType = sourcecode.swift; path = PersonCell.swift; sourceTree = "<group>"; };
		CC90C2AF275E25190017B290 /* AgingPeopleRandomly.app */ = {isa = PBXFileReference; explicitFileType = wrapper.application; includeInIndex = 0; path = AgingPeopleRandomly.app; sourceTree = BUILT_PRODUCTS_DIR; };
		CC90C2B2275E25190017B290 /* AppDelegate.swift */ = {isa = PBXFileReference; lastKnownFileType = sourcecode.swift; path = AppDelegate.swift; sourceTree = "<group>"; };
		CC90C2B4275E25190017B290 /* SceneDelegate.swift */ = {isa = PBXFileReference; lastKnownFileType = sourcecode.swift; path = SceneDelegate.swift; sourceTree = "<group>"; };
		CC90C2B6275E25190017B290 /* ViewController.swift */ = {isa = PBXFileReference; lastKnownFileType = sourcecode.swift; path = ViewController.swift; sourceTree = "<group>"; };
		CC90C2B9275E25190017B290 /* Base */ = {isa = PBXFileReference; lastKnownFileType = file.storyboard; name = Base; path = Base.lproj/Main.storyboard; sourceTree = "<group>"; };
		CC90C2BB275E251B0017B290 /* Assets.xcassets */ = {isa = PBXFileReference; lastKnownFileType = folder.assetcatalog; path = Assets.xcassets; sourceTree = "<group>"; };
		CC90C2BE275E251B0017B290 /* Base */ = {isa = PBXFileReference; lastKnownFileType = file.storyboard; name = Base; path = Base.lproj/LaunchScreen.storyboard; sourceTree = "<group>"; };
		CC90C2C0275E251B0017B290 /* Info.plist */ = {isa = PBXFileReference; lastKnownFileType = text.plist.xml; path = Info.plist; sourceTree = "<group>"; };
		CC90C2C5275E251C0017B290 /* AgingPeopleRandomlyTests.xctest */ = {isa = PBXFileReference; explicitFileType = wrapper.cfbundle; includeInIndex = 0; path = AgingPeopleRandomlyTests.xctest; sourceTree = BUILT_PRODUCTS_DIR; };
		CC90C2C9275E251C0017B290 /* AgingPeopleRandomlyTests.swift */ = {isa = PBXFileReference; lastKnownFileType = sourcecode.swift; path = AgingPeopleRandomlyTests.swift; sourceTree = "<group>"; };
		CC90C2CF275E251C0017B290 /* AgingPeopleRandomlyUITests.xctest */ = {isa = PBXFileReference; explicitFileType = wrapper.cfbundle; includeInIndex = 0; path = AgingPeopleRandomlyUITests.xctest; sourceTree = BUILT_PRODUCTS_DIR; };
		CC90C2D3275E251C0017B290 /* AgingPeopleRandomlyUITests.swift */ = {isa = PBXFileReference; lastKnownFileType = sourcecode.swift; path = AgingPeopleRandomlyUITests.swift; sourceTree = "<group>"; };
		CC90C2D5275E251C0017B290 /* AgingPeopleRandomlyUITestsLaunchTests.swift */ = {isa = PBXFileReference; lastKnownFileType = sourcecode.swift; path = AgingPeopleRandomlyUITestsLaunchTests.swift; sourceTree = "<group>"; };
/* End PBXFileReference section */

/* Begin PBXFrameworksBuildPhase section */
		CC90C2AC275E25190017B290 /* Frameworks */ = {
			isa = PBXFrameworksBuildPhase;
			buildActionMask = 2147483647;
			files = (
			);
			runOnlyForDeploymentPostprocessing = 0;
		};
		CC90C2C2275E251C0017B290 /* Frameworks */ = {
			isa = PBXFrameworksBuildPhase;
			buildActionMask = 2147483647;
			files = (
			);
			runOnlyForDeploymentPostprocessing = 0;
		};
		CC90C2CC275E251C0017B290 /* Frameworks */ = {
			isa = PBXFrameworksBuildPhase;
			buildActionMask = 2147483647;
			files = (
			);
			runOnlyForDeploymentPostprocessing = 0;
		};
/* End PBXFrameworksBuildPhase section */

/* Begin PBXGroup section */
		CC0DFB38275E26A700DDA448 /* models */ = {
			isa = PBXGroup;
			children = (
				CC0DFB39275E26B700DDA448 /* PersonData.swift */,
				CC0DFB3B275E281400DDA448 /* PersonCell.swift */,
			);
			path = models;
			sourceTree = "<group>";
		};
		CC90C2A6275E25190017B290 = {
			isa = PBXGroup;
			children = (
				CC90C2B1275E25190017B290 /* AgingPeopleRandomly */,
				CC90C2C8275E251C0017B290 /* AgingPeopleRandomlyTests */,
				CC90C2D2275E251C0017B290 /* AgingPeopleRandomlyUITests */,
				CC90C2B0275E25190017B290 /* Products */,
			);
			sourceTree = "<group>";
		};
		CC90C2B0275E25190017B290 /* Products */ = {
			isa = PBXGroup;
			children = (
				CC90C2AF275E25190017B290 /* AgingPeopleRandomly.app */,
				CC90C2C5275E251C0017B290 /* AgingPeopleRandomlyTests.xctest */,
				CC90C2CF275E251C0017B290 /* AgingPeopleRandomlyUITests.xctest */,
			);
			name = Products;
			sourceTree = "<group>";
		};
		CC90C2B1275E25190017B290 /* AgingPeopleRandomly */ = {
			isa = PBXGroup;
			children = (
				CC0DFB38275E26A700DDA448 /* models */,
				CC90C2B2275E25190017B290 /* AppDelegate.swift */,
				CC90C2B4275E25190017B290 /* SceneDelegate.swift */,
				CC90C2B6275E25190017B290 /* ViewController.swift */,
				CC90C2B8275E25190017B290 /* Main.storyboard */,
				CC90C2BB275E251B0017B290 /* Assets.xcassets */,
				CC90C2BD275E251B0017B290 /* LaunchScreen.storyboard */,
				CC90C2C0275E251B0017B290 /* Info.plist */,
			);
			path = AgingPeopleRandomly;
			sourceTree = "<group>";
		};
		CC90C2C8275E251C0017B290 /* AgingPeopleRandomlyTests */ = {
			isa = PBXGroup;
			children = (
				CC90C2C9275E251C0017B290 /* AgingPeopleRandomlyTests.swift */,
			);
			path = AgingPeopleRandomlyTests;
			sourceTree = "<group>";
		};
		CC90C2D2275E251C0017B290 /* AgingPeopleRandomlyUITests */ = {
			isa = PBXGroup;
			children = (
				CC90C2D3275E251C0017B290 /* AgingPeopleRandomlyUITests.swift */,
				CC90C2D5275E251C0017B290 /* AgingPeopleRandomlyUITestsLaunchTests.swift */,
			);
			path = AgingPeopleRandomlyUITests;
			sourceTree = "<group>";
		};
/* End PBXGroup section */

/* Begin PBXNativeTarget section */
		CC90C2AE275E25190017B290 /* AgingPeopleRandomly */ = {
			isa = PBXNativeTarget;
			buildConfigurationList = CC90C2D9275E251C0017B290 /* Build configuration list for PBXNativeTarget "AgingPeopleRandomly" */;
			buildPhases = (
				CC90C2AB275E25190017B290 /* Sources */,
				CC90C2AC275E25190017B290 /* Frameworks */,
				CC90C2AD275E25190017B290 /* Resources */,
			);
			buildRules = (
			);
			dependencies = (
			);
			name = AgingPeopleRandomly;
			productName = AgingPeopleRandomly;
			productReference = CC90C2AF275E25190017B290 /* AgingPeopleRandomly.app */;
			productType = "com.apple.product-type.application";
		};
		CC90C2C4275E251C0017B290 /* AgingPeopleRandomlyTests */ = {
			isa = PBXNativeTarget;
			buildConfigurationList = CC90C2DC275E251C0017B290 /* Build configuration list for PBXNativeTarget "AgingPeopleRandomlyTests" */;
			buildPhases = (
				CC90C2C1275E251C0017B290 /* Sources */,
				CC90C2C2275E251C0017B290 /* Frameworks */,
				CC90C2C3275E251C0017B290 /* Resources */,
			);
			buildRules = (
			);
			dependencies = (
				CC90C2C7275E251C0017B290 /* PBXTargetDependency */,
			);
			name = AgingPeopleRandomlyTests;
			productName = AgingPeopleRandomlyTests;
			productReference = CC90C2C5275E251C0017B290 /* AgingPeopleRandomlyTests.xctest */;
			productType = "com.apple.product-type.bundle.unit-test";
		};
		CC90C2CE275E251C0017B290 /* AgingPeopleRandomlyUITests */ = {
			isa = PBXNativeTarget;
			buildConfigurationList = CC90C2DF275E251C0017B290 /* Build configuration list for PBXNativeTarget "AgingPeopleRandomlyUITests" */;
			buildPhases = (
				CC90C2CB275E251C0017B290 /* Sources */,
				CC90C2CC275E251C0017B290 /* Frameworks */,
				CC90C2CD275E251C0017B290 /* Resources */,
			);
			buildRules = (
			);
			dependencies = (
				CC90C2D1275E251C0017B290 /* PBXTargetDependency */,
			);
			name = AgingPeopleRandomlyUITests;
			productName = AgingPeopleRandomlyUITests;
			productReference = CC90C2CF275E251C0017B290 /* AgingPeopleRandomlyUITests.xctest */;
			productType = "com.apple.product-type.bundle.ui-testing";
		};
/* End PBXNativeTarget section */

/* Begin PBXProject section */
		CC90C2A7275E25190017B290 /* Project object */ = {
			isa = PBXProject;
			attributes = {
				BuildIndependentTargetsInParallel = 1;
				LastSwiftUpdateCheck = 1310;
				LastUpgradeCheck = 1310;
				TargetAttributes = {
					CC90C2AE275E25190017B290 = {
						CreatedOnToolsVersion = 13.1;
					};
					CC90C2C4275E251C0017B290 = {
						CreatedOnToolsVersion = 13.1;
						TestTargetID = CC90C2AE275E25190017B290;
					};
					CC90C2CE275E251C0017B290 = {
						CreatedOnToolsVersion = 13.1;
						TestTargetID = CC90C2AE275E25190017B290;
					};
				};
			};
			buildConfigurationList = CC90C2AA275E25190017B290 /* Build configuration list for PBXProject "AgingPeopleRandomly" */;
			compatibilityVersion = "Xcode 13.0";
			developmentRegion = en;
			hasScannedForEncodings = 0;
			knownRegions = (
				en,
				Base,
			);
			mainGroup = CC90C2A6275E25190017B290;
			productRefGroup = CC90C2B0275E25190017B290 /* Products */;
			projectDirPath = "";
			projectRoot = "";
			targets = (
				CC90C2AE275E25190017B290 /* AgingPeopleRandomly */,
				CC90C2C4275E251C0017B290 /* AgingPeopleRandomlyTests */,
				CC90C2CE275E251C0017B290 /* AgingPeopleRandomlyUITests */,
			);
		};
/* End PBXProject section */

/* Begin PBXResourcesBuildPhase section */
		CC90C2AD275E25190017B290 /* Resources */ = {
			isa = PBXResourcesBuildPhase;
			buildActionMask = 2147483647;
			files = (
				CC90C2BF275E251B0017B290 /* LaunchScreen.storyboard in Resources */,
				CC90C2BC275E251B0017B290 /* Assets.xcassets in Resources */,
				CC90C2BA275E25190017B290 /* Main.storyboard in Resources */,
			);
			runOnlyForDeploymentPostprocessing = 0;
		};
		CC90C2C3275E251C0017B290 /* Resources */ = {
			isa = PBXResourcesBuildPhase;
			buildActionMask = 2147483647;
			files = (
			);
			runOnlyForDeploymentPostprocessing = 0;
		};
		CC90C2CD275E251C0017B290 /* Resources */ = {
			isa = PBXResourcesBuildPhase;
			buildActionMask = 2147483647;
			files = (
			);
			runOnlyForDeploymentPostprocessing = 0;
		};
/* End PBXResourcesBuildPhase section */

/* Begin PBXSourcesBuildPhase section */
		CC90C2AB275E25190017B290 /* Sources */ = {
			isa = PBXSourcesBuildPhase;
			buildActionMask = 2147483647;
			files = (
				CC0DFB3A275E26B700DDA448 /* PersonData.swift in Sources */,
				CC0DFB3C275E281400DDA448 /* PersonCell.swift in Sources */,
				CC90C2B7275E25190017B290 /* ViewController.swift in Sources */,
				CC90C2B3275E25190017B290 /* AppDelegate.swift in Sources */,
				CC90C2B5275E25190017B290 /* SceneDelegate.swift in Sources */,
			);
			runOnlyForDeploymentPostprocessing = 0;
		};
		CC90C2C1275E251C0017B290 /* Sources */ = {
			isa = PBXSourcesBuildPhase;
			buildActionMask = 2147483647;
			files = (
				CC90C2CA275E251C0017B290 /* AgingPeopleRandomlyTests.swift in Sources */,
			);
			runOnlyForDeploymentPostprocessing = 0;
		};
		CC90C2CB275E251C0017B290 /* Sources */ = {
			isa = PBXSourcesBuildPhase;
			buildActionMask = 2147483647;
			files = (
				CC90C2D6275E251C0017B290 /* AgingPeopleRandomlyUITestsLaunchTests.swift in Sources */,
				CC90C2D4275E251C0017B290 /* AgingPeopleRandomlyUITests.swift in Sources */,
			);
			runOnlyForDeploymentPostprocessing = 0;
		};
/* End PBXSourcesBuildPhase section */

/* Begin PBXTargetDependency section */
		CC90C2C7275E251C0017B290 /* PBXTargetDependency */ = {
			isa = PBXTargetDependency;
			target = CC90C2AE275E25190017B290 /* AgingPeopleRandomly */;
			targetProxy = CC90C2C6275E251C0017B290 /* PBXContainerItemProxy */;
		};
		CC90C2D1275E251C0017B290 /* PBXTargetDependency */ = {
			isa = PBXTargetDependency;
			target = CC90C2AE275E25190017B290 /* AgingPeopleRandomly */;
			targetProxy = CC90C2D0275E251C0017B290 /* PBXContainerItemProxy */;
		};
/* End PBXTargetDependency section */

/* Begin PBXVariantGroup section */
		CC90C2B8275E25190017B290 /* Main.storyboard */ = {
			isa = PBXVariantGroup;
			children = (
				CC90C2B9275E25190017B290 /* Base */,
			);
			name = Main.storyboard;
			sourceTree = "<group>";
		};
		CC90C2BD275E251B0017B290 /* LaunchScreen.storyboard */ = {
			isa = PBXVariantGroup;
			children = (
				CC90C2BE275E251B0017B290 /* Base */,
			);
			name = LaunchScreen.storyboard;
			sourceTree = "<group>";
		};
/* End PBXVariantGroup section */

/* Begin XCBuildConfiguration section */
		CC90C2D7275E251C0017B290 /* Debug */ = {
			isa = XCBuildConfiguration;
			buildSettings = {
				ALWAYS_SEARCH_USER_PATHS = NO;
				CLANG_ANALYZER_NONNULL = YES;
				CLANG_ANALYZER_NUMBER_OBJECT_CONVERSION = YES_AGGRESSIVE;
				CLANG_CXX_LANGUAGE_STANDARD = "gnu++17";
				CLANG_CXX_LIBRARY = "libc++";
				CLANG_ENABLE_MODULES = YES;
				CLANG_ENABLE_OBJC_ARC = YES;
				CLANG_ENABLE_OBJC_WEAK = YES;
				CLANG_WARN_BLOCK_CAPTURE_AUTORELEASING = YES;
				CLANG_WARN_BOOL_CONVERSION = YES;
				CLANG_WARN_COMMA = YES;
				CLANG_WARN_CONSTANT_CONVERSION = YES;
				CLANG_WARN_DEPRECATED_OBJC_IMPLEMENTATIONS = YES;
				CLANG_WARN_DIRECT_OBJC_ISA_USAGE = YES_ERROR;
				CLANG_WARN_DOCUMENTATION_COMMENTS = YES;
				CLANG_WARN_EMPTY_BODY = YES;
				CLANG_WARN_ENUM_CONVERSION = YES;
				CLANG_WARN_INFINITE_RECURSION = YES;
				CLANG_WARN_INT_CONVERSION = YES;
				CLANG_WARN_NON_LITERAL_NULL_CONVERSION = YES;
				CLANG_WARN_OBJC_IMPLICIT_RETAIN_SELF = YES;
				CLANG_WARN_OBJC_LITERAL_CONVERSION = YES;
				CLANG_WARN_OBJC_ROOT_CLASS = YES_ERROR;
				CLANG_WARN_QUOTED_INCLUDE_IN_FRAMEWORK_HEADER = YES;
				CLANG_WARN_RANGE_LOOP_ANALYSIS = YES;
				CLANG_WARN_STRICT_PROTOTYPES = YES;
				CLANG_WARN_SUSPICIOUS_MOVE = YES;
				CLANG_WARN_UNGUARDED_AVAILABILITY = YES_AGGRESSIVE;
				CLANG_WARN_UNREACHABLE_CODE = YES;
				CLANG_WARN__DUPLICATE_METHOD_MATCH = YES;
				COPY_PHASE_STRIP = NO;
				DEBUG_INFORMATION_FORMAT = dwarf;
				ENABLE_STRICT_OBJC_MSGSEND = YES;
				ENABLE_TESTABILITY = YES;
				GCC_C_LANGUAGE_STANDARD = gnu11;
				GCC_DYNAMIC_NO_PIC = NO;
				GCC_NO_COMMON_BLOCKS = YES;
				GCC_OPTIMIZATION_LEVEL = 0;
				GCC_PREPROCESSOR_DEFINITIONS = (
					"DEBUG=1",
					"$(inherited)",
				);
				GCC_WARN_64_TO_32_BIT_CONVERSION = YES;
				GCC_WARN_ABOUT_RETURN_TYPE = YES_ERROR;
				GCC_WARN_UNDECLARED_SELECTOR = YES;
				GCC_WARN_UNINITIALIZED_AUTOS = YES_AGGRESSIVE;
				GCC_WARN_UNUSED_FUNCTION = YES;
				GCC_WARN_UNUSED_VARIABLE = YES;
				IPHONEOS_DEPLOYMENT_TARGET = 15.0;
				MTL_ENABLE_DEBUG_INFO = INCLUDE_SOURCE;
				MTL_FAST_MATH = YES;
				ONLY_ACTIVE_ARCH = YES;
				SDKROOT = iphoneos;
				SWIFT_ACTIVE_COMPILATION_CONDITIONS = DEBUG;
				SWIFT_OPTIMIZATION_LEVEL = "-Onone";
			};
			name = Debug;
		};
		CC90C2D8275E251C0017B290 /* Release */ = {
			isa = XCBuildConfiguration;
			buildSettings = {
				ALWAYS_SEARCH_USER_PATHS = NO;
				CLANG_ANALYZER_NONNULL = YES;
				CLANG_ANALYZER_NUMBER_OBJECT_CONVERSION = YES_AGGRESSIVE;
				CLANG_CXX_LANGUAGE_STANDARD = "gnu++17";
				CLANG_CXX_LIBRARY = "libc++";
				CLANG_ENABLE_MODULES = YES;
				CLANG_ENABLE_OBJC_ARC = YES;
				CLANG_ENABLE_OBJC_WEAK = YES;
				CLANG_WARN_BLOCK_CAPTURE_AUTORELEASING = YES;
				CLANG_WARN_BOOL_CONVERSION = YES;
				CLANG_WARN_COMMA = YES;
				CLANG_WARN_CONSTANT_CONVERSION = YES;
				CLANG_WARN_DEPRECATED_OBJC_IMPLEMENTATIONS = YES;
				CLANG_WARN_DIRECT_OBJC_ISA_USAGE = YES_ERROR;
				CLANG_WARN_DOCUMENTATION_COMMENTS = YES;
				CLANG_WARN_EMPTY_BODY = YES;
				CLANG_WARN_ENUM_CONVERSION = YES;
				CLANG_WARN_INFINITE_RECURSION = YES;
				CLANG_WARN_INT_CONVERSION = YES;
				CLANG_WARN_NON_LITERAL_NULL_CONVERSION = YES;
				CLANG_WARN_OBJC_IMPLICIT_RETAIN_SELF = YES;
				CLANG_WARN_OBJC_LITERAL_CONVERSION = YES;
				CLANG_WARN_OBJC_ROOT_CLASS = YES_ERROR;
				CLANG_WARN_QUOTED_INCLUDE_IN_FRAMEWORK_HEADER = YES;
				CLANG_WARN_RANGE_LOOP_ANALYSIS = YES;
				CLANG_WARN_STRICT_PROTOTYPES = YES;
				CLANG_WARN_SUSPICIOUS_MOVE = YES;
				CLANG_WARN_UNGUARDED_AVAILABILITY = YES_AGGRESSIVE;
				CLANG_WARN_UNREACHABLE_CODE = YES;
				CLANG_WARN__DUPLICATE_METHOD_MATCH = YES;
				COPY_PHASE_STRIP = NO;
				DEBUG_INFORMATION_FORMAT = "dwarf-with-dsym";
				ENABLE_NS_ASSERTIONS = NO;
				ENABLE_STRICT_OBJC_MSGSEND = YES;
				GCC_C_LANGUAGE_STANDARD = gnu11;
				GCC_NO_COMMON_BLOCKS = YES;
				GCC_WARN_64_TO_32_BIT_CONVERSION = YES;
				GCC_WARN_ABOUT_RETURN_TYPE = YES_ERROR;
				GCC_WARN_UNDECLARED_SELECTOR = YES;
				GCC_WARN_UNINITIALIZED_AUTOS = YES_AGGRESSIVE;
				GCC_WARN_UNUSED_FUNCTION = YES;
				GCC_WARN_UNUSED_VARIABLE = YES;
				IPHONEOS_DEPLOYMENT_TARGET = 15.0;
				MTL_ENABLE_DEBUG_INFO = NO;
				MTL_FAST_MATH = YES;
				SDKROOT = iphoneos;
				SWIFT_COMPILATION_MODE = wholemodule;
				SWIFT_OPTIMIZATION_LEVEL = "-O";
				VALIDATE_PRODUCT = YES;
			};
			name = Release;
		};
		CC90C2DA275E251C0017B290 /* Debug */ = {
			isa = XCBuildConfiguration;
			buildSettings = {
				ASSETCATALOG_COMPILER_APPICON_NAME = AppIcon;
				ASSETCATALOG_COMPILER_GLOBAL_ACCENT_COLOR_NAME = AccentColor;
				CODE_SIGN_STYLE = Automatic;
				CURRENT_PROJECT_VERSION = 1;
				DEVELOPMENT_TEAM = YSX47LJT9G;
				GENERATE_INFOPLIST_FILE = YES;
				INFOPLIST_FILE = AgingPeopleRandomly/Info.plist;
				INFOPLIST_KEY_UIApplicationSupportsIndirectInputEvents = YES;
				INFOPLIST_KEY_UILaunchStoryboardName = LaunchScreen;
				INFOPLIST_KEY_UIMainStoryboardFile = Main;
				INFOPLIST_KEY_UISupportedInterfaceOrientations_iPad = "UIInterfaceOrientationPortrait UIInterfaceOrientationPortraitUpsideDown UIInterfaceOrientationLandscapeLeft UIInterfaceOrientationLandscapeRight";
				INFOPLIST_KEY_UISupportedInterfaceOrientations_iPhone = "UIInterfaceOrientationPortrait UIInterfaceOrientationLandscapeLeft UIInterfaceOrientationLandscapeRight";
				LD_RUNPATH_SEARCH_PATHS = (
					"$(inherited)",
					"@executable_path/Frameworks",
				);
				MARKETING_VERSION = 1.0;
				PRODUCT_BUNDLE_IDENTIFIER = wishStar.AgingPeopleRandomly;
				PRODUCT_NAME = "$(TARGET_NAME)";
				SWIFT_EMIT_LOC_STRINGS = YES;
				SWIFT_VERSION = 5.0;
				TARGETED_DEVICE_FAMILY = "1,2";
			};
			name = Debug;
		};
		CC90C2DB275E251C0017B290 /* Release */ = {
			isa = XCBuildConfiguration;
			buildSettings = {
				ASSETCATALOG_COMPILER_APPICON_NAME = AppIcon;
				ASSETCATALOG_COMPILER_GLOBAL_ACCENT_COLOR_NAME = AccentColor;
				CODE_SIGN_STYLE = Automatic;
				CURRENT_PROJECT_VERSION = 1;
				DEVELOPMENT_TEAM = YSX47LJT9G;
				GENERATE_INFOPLIST_FILE = YES;
				INFOPLIST_FILE = AgingPeopleRandomly/Info.plist;
				INFOPLIST_KEY_UIApplicationSupportsIndirectInputEvents = YES;
				INFOPLIST_KEY_UILaunchStoryboardName = LaunchScreen;
				INFOPLIST_KEY_UIMainStoryboardFile = Main;
				INFOPLIST_KEY_UISupportedInterfaceOrientations_iPad = "UIInterfaceOrientationPortrait UIInterfaceOrientationPortraitUpsideDown UIInterfaceOrientationLandscapeLeft UIInterfaceOrientationLandscapeRight";
				INFOPLIST_KEY_UISupportedInterfaceOrientations_iPhone = "UIInterfaceOrientationPortrait UIInterfaceOrientationLandscapeLeft UIInterfaceOrientationLandscapeRight";
				LD_RUNPATH_SEARCH_PATHS = (
					"$(inherited)",
					"@executable_path/Frameworks",
				);
				MARKETING_VERSION = 1.0;
				PRODUCT_BUNDLE_IDENTIFIER = wishStar.AgingPeopleRandomly;
				PRODUCT_NAME = "$(TARGET_NAME)";
				SWIFT_EMIT_LOC_STRINGS = YES;
				SWIFT_VERSION = 5.0;
				TARGETED_DEVICE_FAMILY = "1,2";
			};
			name = Release;
		};
		CC90C2DD275E251C0017B290 /* Debug */ = {
			isa = XCBuildConfiguration;
			buildSettings = {
				ALWAYS_EMBED_SWIFT_STANDARD_LIBRARIES = YES;
				BUNDLE_LOADER = "$(TEST_HOST)";
				CODE_SIGN_STYLE = Automatic;
				CURRENT_PROJECT_VERSION = 1;
				DEVELOPMENT_TEAM = YSX47LJT9G;
				GENERATE_INFOPLIST_FILE = YES;
				IPHONEOS_DEPLOYMENT_TARGET = 15.0;
				LD_RUNPATH_SEARCH_PATHS = (
					"$(inherited)",
					"@executable_path/Frameworks",
					"@loader_path/Frameworks",
				);
				MARKETING_VERSION = 1.0;
				PRODUCT_BUNDLE_IDENTIFIER = wishStar.AgingPeopleRandomlyTests;
				PRODUCT_NAME = "$(TARGET_NAME)";
				SWIFT_EMIT_LOC_STRINGS = NO;
				SWIFT_VERSION = 5.0;
				TARGETED_DEVICE_FAMILY = "1,2";
				TEST_HOST = "$(BUILT_PRODUCTS_DIR)/AgingPeopleRandomly.app/AgingPeopleRandomly";
			};
			name = Debug;
		};
		CC90C2DE275E251C0017B290 /* Release */ = {
			isa = XCBuildConfiguration;
			buildSettings = {
				ALWAYS_EMBED_SWIFT_STANDARD_LIBRARIES = YES;
				BUNDLE_LOADER = "$(TEST_HOST)";
				CODE_SIGN_STYLE = Automatic;
				CURRENT_PROJECT_VERSION = 1;
				DEVELOPMENT_TEAM = YSX47LJT9G;
				GENERATE_INFOPLIST_FILE = YES;
				IPHONEOS_DEPLOYMENT_TARGET = 15.0;
				LD_RUNPATH_SEARCH_PATHS = (
					"$(inherited)",
					"@executable_path/Frameworks",
					"@loader_path/Frameworks",
				);
				MARKETING_VERSION = 1.0;
				PRODUCT_BUNDLE_IDENTIFIER = wishStar.AgingPeopleRandomlyTests;
				PRODUCT_NAME = "$(TARGET_NAME)";
				SWIFT_EMIT_LOC_STRINGS = NO;
				SWIFT_VERSION = 5.0;
				TARGETED_DEVICE_FAMILY = "1,2";
				TEST_HOST = "$(BUILT_PRODUCTS_DIR)/AgingPeopleRandomly.app/AgingPeopleRandomly";
			};
			name = Release;
		};
		CC90C2E0275E251C0017B290 /* Debug */ = {
			isa = XCBuildConfiguration;
			buildSettings = {
				ALWAYS_EMBED_SWIFT_STANDARD_LIBRARIES = YES;
				CODE_SIGN_STYLE = Automatic;
				CURRENT_PROJECT_VERSION = 1;
				DEVELOPMENT_TEAM = YSX47LJT9G;
				GENERATE_INFOPLIST_FILE = YES;
				LD_RUNPATH_SEARCH_PATHS = (
					"$(inherited)",
					"@executable_path/Frameworks",
					"@loader_path/Frameworks",
				);
				MARKETING_VERSION = 1.0;
				PRODUCT_BUNDLE_IDENTIFIER = wishStar.AgingPeopleRandomlyUITests;
				PRODUCT_NAME = "$(TARGET_NAME)";
				SWIFT_EMIT_LOC_STRINGS = NO;
				SWIFT_VERSION = 5.0;
				TARGETED_DEVICE_FAMILY = "1,2";
				TEST_TARGET_NAME = AgingPeopleRandomly;
			};
			name = Debug;
		};
		CC90C2E1275E251C0017B290 /* Release */ = {
			isa = XCBuildConfiguration;
			buildSettings = {
				ALWAYS_EMBED_SWIFT_STANDARD_LIBRARIES = YES;
				CODE_SIGN_STYLE = Automatic;
				CURRENT_PROJECT_VERSION = 1;
				DEVELOPMENT_TEAM = YSX47LJT9G;
				GENERATE_INFOPLIST_FILE = YES;
				LD_RUNPATH_SEARCH_PATHS = (
					"$(inherited)",
					"@executable_path/Frameworks",
					"@loader_path/Frameworks",
				);
				MARKETING_VERSION = 1.0;
				PRODUCT_BUNDLE_IDENTIFIER = wishStar.AgingPeopleRandomlyUITests;
				PRODUCT_NAME = "$(TARGET_NAME)";
				SWIFT_EMIT_LOC_STRINGS = NO;
				SWIFT_VERSION = 5.0;
				TARGETED_DEVICE_FAMILY = "1,2";
				TEST_TARGET_NAME = AgingPeopleRandomly;
			};
			name = Release;
		};
/* End XCBuildConfiguration section */

/* Begin XCConfigurationList section */
		CC90C2AA275E25190017B290 /* Build configuration list for PBXProject "AgingPeopleRandomly" */ = {
			isa = XCConfigurationList;
			buildConfigurations = (
				CC90C2D7275E251C0017B290 /* Debug */,
				CC90C2D8275E251C0017B290 /* Release */,
			);
			defaultConfigurationIsVisible = 0;
			defaultConfigurationName = Release;
		};
		CC90C2D9275E251C0017B290 /* Build configuration list for PBXNativeTarget "AgingPeopleRandomly" */ = {
			isa = XCConfigurationList;
			buildConfigurations = (
				CC90C2DA275E251C0017B290 /* Debug */,
				CC90C2DB275E251C0017B290 /* Release */,
			);
			defaultConfigurationIsVisible = 0;
			defaultConfigurationName = Release;
		};
		CC90C2DC275E251C0017B290 /* Build configuration list for PBXNativeTarget "AgingPeopleRandomlyTests" */ = {
			isa = XCConfigurationList;
			buildConfigurations = (
				CC90C2DD275E251C0017B290 /* Debug */,
				CC90C2DE275E251C0017B290 /* Release */,
			);
			defaultConfigurationIsVisible = 0;
			defaultConfigurationName = Release;
		};
		CC90C2DF275E251C0017B290 /* Build configuration list for PBXNativeTarget "AgingPeopleRandomlyUITests" */ = {
			isa = XCConfigurationList;
			buildConfigurations = (
				CC90C2E0275E251C0017B290 /* Debug */,
				CC90C2E1275E251C0017B290 /* Release */,
			);
			defaultConfigurationIsVisible = 0;
			defaultConfigurationName = Release;
		};
/* End XCConfigurationList section */
	};
	rootObject = CC90C2A7275E25190017B290 /* Project object */;
}
